
Microsoft Visual Studio Solution File, Format Version 12.00
# Visual Studio Version 17
VisualStudioVersion = 17.4.33213.308
MinimumVisualStudioVersion = 10.0.40219.1
Project("{FAE04EC0-301F-11D3-BF4B-00C04F79EFBC}") = "Exercicio2", "Exercicio2\Exercicio2.csproj", "{1EB6E32E-3B0E-4B4D-B81B-A39714171DDC}"
EndProject
Global
	GlobalSection(SolutionConfigurationPlatforms) = preSolution
		Debug|Any CPU = Debug|Any CPU
		Release|Any CPU = Release|Any CPU
	EndGlobalSection
	GlobalSection(ProjectConfigurationPlatforms) = postSolution
		{1EB6E32E-3B0E-4B4D-B81B-A39714171DDC}.Debug|Any CPU.ActiveCfg = Debug|Any CPU
		{1EB6E32E-3B0E-4B4D-B81B-A39714171DDC}.Debug|Any CPU.Build.0 = Debug|Any CPU
		{1EB6E32E-3B0E-4B4D-B81B-A39714171DDC}.Release|Any CPU.ActiveCfg = Release|Any CPU
		{1EB6E32E-3B0E-4B4D-B81B-A39714171DDC}.Release|Any CPU.Build.0 = Release|Any CPU
	EndGlobalSection
	GlobalSection(SolutionProperties) = preSolution
		HideSolutionNode = FALSE
	EndGlobalSection
	GlobalSection(ExtensibilityGlobals) = postSolution
		SolutionGuid = {87DE3C02-7A34-47CA-8EEF-0C35387BC1D0}
	EndGlobalSection
EndGlobal
